<?xml version="1.0" encoding="utf-8"?>
<Project ToolsVersion="4.0" xmlns="http://schemas.microsoft.com/developer/msbuild/2003">
  <ItemGroup>
    <Filter Include="Header Files">
      <UniqueIdentifier>{93995380-89BD-4b04-88EB-625FBE52EBFB}</UniqueIdentifier>
      <Extensions>h;hh;hpp;hxx;h++;hm;inl;inc;ipp;xsd</Extensions>
    </Filter>
    <Filter Include="Source Files">
      <UniqueIdentifier>{4FC737F1-C7A5-4376-A066-2A32D752A2FF}</UniqueIdentifier>
      <Extensions>cpp;c;cc;cxx;c++;cppm;ixx;def;odl;idl;hpj;bat;asm;asmx</Extensions>
    </Filter>
    <Filter Include="Resources">
      <UniqueIdentifier>{67DA6AB6-F800-4c08-8B7A-83BB121AAD01}</UniqueIdentifier>
      <Extensions>rc;ico;cur;bmp;dlg;rc2;rct;bin;rgs;gif;jpg;jpeg;jpe;resx;tiff;tif;png;wav;mfcribbon-ms</Extensions>
    </Filter>
    <Filter Include="lib">
      <UniqueIdentifier>{7b13205e-9c35-448f-8be6-288ebd7addb8}</UniqueIdentifier>
    </Filter>
    <Filter Include="lib\Interface">
      <UniqueIdentifier>{74e588dc-b779-4f18-85e8-c13512500489}</UniqueIdentifier>
    </Filter>
    <Filter Include="lib\Coroutine">
      <UniqueIdentifier>{de771f88-c6c4-4480-b4fb-52f936622807}</UniqueIdentifier>
    </Filter>
    <Filter Include="lib\Meta">
      <UniqueIdentifier>{0c141749-2779-438a-984d-9289d992a22b}</UniqueIdentifier>
    </Filter>
    <Filter Include="lib\Utility">
      <UniqueIdentifier>{41665156-a67f-4f57-a3fa-ac4e8319ab13}</UniqueIdentifier>
    </Filter>
    <Filter Include="lib\Errors">
      <UniqueIdentifier>{d70af050-d48d-449c-a4c5-885efabc538e}</UniqueIdentifier>
    </Filter>
    <Filter Include="lib\Containers">
      <UniqueIdentifier>{c147cacd-4bff-4a80-b8f7-b259e509ac3a}</UniqueIdentifier>
    </Filter>
  </ItemGroup>
  <ItemGroup>
    <ClInclude Include="stdafx.hpp">
      <Filter>Header Files</Filter>
    </ClInclude>
    <ClInclude Include="pch.hpp">
      <Filter>Header Files</Filter>
    </ClInclude>
  </ItemGroup>
  <ItemGroup>
    <ClCompile Include="Modern Network.cpp">
      <Filter>Source Files</Filter>
    </ClCompile>
    <ClCompile Include="pch.cpp">
      <Filter>Source Files</Filter>
    </ClCompile>
    <ClCompile Include="lib\IpAddress.ixx">
      <Filter>lib</Filter>
    </ClCompile>
    <ClCompile Include="lib\IPv4Address.ixx">
      <Filter>lib</Filter>
    </ClCompile>
    <ClCompile Include="lib\IPv6Address.ixx">
      <Filter>lib</Filter>
    </ClCompile>
    <ClCompile Include="lib\Socket.ixx">
      <Filter>lib</Filter>
    </ClCompile>
    <ClCompile Include="lib\NativeHandle.ixx">
      <Filter>lib</Filter>
    </ClCompile>
    <ClCompile Include="lib\IoService.ixx">
      <Filter>lib</Filter>
    </ClCompile>
    <ClCompile Include="lib\IpAddressFamily.ixx">
      <Filter>lib</Filter>
    </ClCompile>
    <ClCompile Include="lib\EndPoint.ixx">
      <Filter>lib</Filter>
    </ClCompile>
    <ClCompile Include="lib\IoContext.ixx">
      <Filter>lib</Filter>
    </ClCompile>
    <ClCompile Include="lib\SocketResult.ixx">
      <Filter>lib</Filter>
    </ClCompile>
    <ClCompile Include="lib\ErrorCode.ixx">
      <Filter>lib</Filter>
    </ClCompile>
    <ClCompile Include="src\Socket.cpp">
      <Filter>Source Files</Filter>
    </ClCompile>
    <ClCompile Include="lib\SocketReceivingErrorCodes.ixx">
      <Filter>lib</Filter>
    </ClCompile>
    <ClCompile Include="lib\SocketSendingErrorCodes.ixx">
      <Filter>lib</Filter>
    </ClCompile>
    <ClCompile Include="lib\SocketGeneralErrorCodes.ixx">
      <Filter>lib</Filter>
    </ClCompile>
    <ClCompile Include="lib\Handler.ixx">
      <Filter>lib\Interface</Filter>
    </ClCompile>
    <ClCompile Include="lib\IObject.ixx">
      <Filter>lib\Interface</Filter>
    </ClCompile>
    <ClCompile Include="lib\IResourcePool.ixx">
      <Filter>lib\Interface</Filter>
    </ClCompile>
    <ClCompile Include="lib\Coroutine.ixx">
      <Filter>lib\Coroutine</Filter>
    </ClCompile>
    <ClCompile Include="lib\Awaitable.ixx">
      <Filter>lib\Coroutine</Filter>
    </ClCompile>
    <ClCompile Include="lib\IPromise.ixx">
      <Filter>lib\Coroutine</Filter>
    </ClCompile>
    <ClCompile Include="lib\Promissory.ixx">
      <Filter>lib\Coroutine</Filter>
    </ClCompile>
    <ClCompile Include="lib\Suspender.ixx">
      <Filter>lib\Coroutine</Filter>
    </ClCompile>
    <ClCompile Include="lib\Task.ixx">
      <Filter>lib\Coroutine</Filter>
    </ClCompile>
    <ClCompile Include="lib\ValuePromise.ixx">
      <Filter>lib\Coroutine</Filter>
    </ClCompile>
    <ClCompile Include="lib\Constraints.ixx">
      <Filter>lib\Meta</Filter>
    </ClCompile>
    <ClCompile Include="lib\Traits.ixx">
      <Filter>lib\Meta</Filter>
    </ClCompile>
    <ClCompile Include="lib\FixedString.ixx">
      <Filter>lib\Utility</Filter>
    </ClCompile>
    <ClCompile Include="lib\Application.ixx">
      <Filter>lib</Filter>
    </ClCompile>
    <ClCompile Include="src\Application.cpp">
      <Filter>Source Files</Filter>
    </ClCompile>
    <ClCompile Include="src\SocketErrorCode.cpp">
      <Filter>Source Files</Filter>
    </ClCompile>
    <ClCompile Include="lib\SocketOpenErrorCodes.ixx">
      <Filter>lib</Filter>
    </ClCompile>
    <ClCompile Include="src\IpAddress.cpp">
      <Filter>Source Files</Filter>
    </ClCompile>
    <ClCompile Include="lib\InternetProtocols.ixx">
      <Filter>lib</Filter>
    </ClCompile>
    <ClCompile Include="lib\SocketClosingErrorCodes.ixx">
      <Filter>lib</Filter>
    </ClCompile>
    <ClCompile Include="src\Socket_senders.cpp">
      <Filter>Source Files</Filter>
    </ClCompile>
    <ClCompile Include="src\Socket_receivers.cpp">
      <Filter>Source Files</Filter>
    </ClCompile>
    <ClCompile Include="src\Socket_connectors.cpp">
      <Filter>Source Files</Filter>
    </ClCompile>
    <ClCompile Include="src\Socket_observers.cpp">
      <Filter>Source Files</Filter>
    </ClCompile>
    <ClCompile Include="lib\Property.ixx">
      <Filter>lib\Utility</Filter>
    </ClCompile>
    <ClCompile Include="lib\IProperty.ixx">
      <Filter>lib\Utility</Filter>
    </ClCompile>
    <ClCompile Include="lib\SocketOptions.ixx">
      <Filter>lib</Filter>
    </ClCompile>
    <ClCompile Include="lib\NetworkInitializationError.ixx">
      <Filter>lib\Errors</Filter>
    </ClCompile>
    <ClCompile Include="lib\ServerSetupError.ixx">
      <Filter>lib\Errors</Filter>
    </ClCompile>
    <ClCompile Include="lib\SocketOptionErrorCodes.ixx">
      <Filter>lib</Filter>
    </ClCompile>
    <ClCompile Include="src\Task.cpp">
      <Filter>Source Files</Filter>
    </ClCompile>
    <ClCompile Include="lib\TimedAwaiter.ixx">
      <Filter>lib\Coroutine</Filter>
    </ClCompile>
    <ClCompile Include="src\TimedAwaiter.cpp">
      <Filter>Source Files</Filter>
    </ClCompile>
    <ClCompile Include="lib\IAwaitable.ixx">
      <Filter>lib\Coroutine</Filter>
    </ClCompile>
    <ClCompile Include="lib\ConcurrentAwaiter.ixx">
      <Filter>lib\Coroutine</Filter>
    </ClCompile>
    <ClCompile Include="src\ConcurrentAwaiter.cpp">
      <Filter>Source Files</Filter>
    </ClCompile>
    <ClCompile Include="lib\ConcurrentStack.ixx">
      <Filter>lib\Containers</Filter>
    </ClCompile>
    <ClCompile Include="lib\Net.ixx">
      <Filter>lib</Filter>
    </ClCompile>
    <ClCompile Include="src\Net.cpp">
      <Filter>Source Files</Filter>
    </ClCompile>
    <ClCompile Include="src\EndPoint.cpp">
      <Filter>Source Files</Filter>
    </ClCompile>
    <ClCompile Include="lib\SocketType.ixx">
      <Filter>lib</Filter>
    </ClCompile>
    <ClCompile Include="src\NativeHandle.cpp">
      <Filter>Source Files</Filter>
    </ClCompile>
    <ClCompile Include="src\IpAddressFamily.cpp">
      <Filter>Source Files</Filter>
    </ClCompile>
    <ClCompile Include="src\Scheduler.ixx">
      <Filter>lib\Coroutine</Filter>
    </ClCompile>
    <ClCompile Include="src\Scheduler.cpp">
      <Filter>Source Files</Filter>
    </ClCompile>
  </ItemGroup>
</Project>